
Microsoft Visual Studio Solution File, Format Version 12.00
# Visual Studio Version 16
VisualStudioVersion = 16.0.29025.244
MinimumVisualStudioVersion = 10.0.40219.1
Project("{FAE04EC0-301F-11D3-BF4B-00C04F79EFBC}") = "FOS.API", "FOS.API\FOS.API.csproj", "{91B3E6D6-8BE5-431B-9712-25BCF92DB476}"
EndProject
Project("{FAE04EC0-301F-11D3-BF4B-00C04F79EFBC}") = "FOS.Model", "FOS.Model\FOS.Model.csproj", "{8252D347-1BAD-4276-A6E3-180FB9F0A3DB}"
EndProject
Project("{FAE04EC0-301F-11D3-BF4B-00C04F79EFBC}") = "FOS.Services", "FOS.Service\FOS.Services.csproj", "{F624F69E-38A6-4484-B680-8EE2B8E67DEC}"
EndProject
Project("{FAE04EC0-301F-11D3-BF4B-00C04F79EFBC}") = "FOS.Common", "FOS.Common\FOS.Common.csproj", "{867C7A27-0781-4A5A-8F2F-8251DE4EDDD6}"
EndProject
Project("{FAE04EC0-301F-11D3-BF4B-00C04F79EFBC}") = "FOS.Repositories", "FOS.Repositories\FOS.Repositories.csproj", "{602CD065-C5FE-4DD0-A5CE-B9CAEF2F56F2}"
EndProject
Project("{FAE04EC0-301F-11D3-BF4B-00C04F79EFBC}") = "FOS.Client", "FOS.Client\FOS.Client.csproj", "{A4B85777-4012-4361-87C6-F8C2F8D38583}"
EndProject
Global
	GlobalSection(SolutionConfigurationPlatforms) = preSolution
		Debug|Any CPU = Debug|Any CPU
		Release|Any CPU = Release|Any CPU
	EndGlobalSection
	GlobalSection(ProjectConfigurationPlatforms) = postSolution
		{91B3E6D6-8BE5-431B-9712-25BCF92DB476}.Debug|Any CPU.ActiveCfg = Debug|Any CPU
		{91B3E6D6-8BE5-431B-9712-25BCF92DB476}.Debug|Any CPU.Build.0 = Debug|Any CPU
		{91B3E6D6-8BE5-431B-9712-25BCF92DB476}.Release|Any CPU.ActiveCfg = Release|Any CPU
		{91B3E6D6-8BE5-431B-9712-25BCF92DB476}.Release|Any CPU.Build.0 = Release|Any CPU
		{8252D347-1BAD-4276-A6E3-180FB9F0A3DB}.Debug|Any CPU.ActiveCfg = Debug|Any CPU
		{8252D347-1BAD-4276-A6E3-180FB9F0A3DB}.Debug|Any CPU.Build.0 = Debug|Any CPU
		{8252D347-1BAD-4276-A6E3-180FB9F0A3DB}.Release|Any CPU.ActiveCfg = Release|Any CPU
		{8252D347-1BAD-4276-A6E3-180FB9F0A3DB}.Release|Any CPU.Build.0 = Release|Any CPU
		{F624F69E-38A6-4484-B680-8EE2B8E67DEC}.Debug|Any CPU.ActiveCfg = Debug|Any CPU
		{F624F69E-38A6-4484-B680-8EE2B8E67DEC}.Debug|Any CPU.Build.0 = Debug|Any CPU
		{F624F69E-38A6-4484-B680-8EE2B8E67DEC}.Release|Any CPU.ActiveCfg = Release|Any CPU
		{F624F69E-38A6-4484-B680-8EE2B8E67DEC}.Release|Any CPU.Build.0 = Release|Any CPU
		{867C7A27-0781-4A5A-8F2F-8251DE4EDDD6}.Debug|Any CPU.ActiveCfg = Debug|Any CPU
		{867C7A27-0781-4A5A-8F2F-8251DE4EDDD6}.Debug|Any CPU.Build.0 = Debug|Any CPU
		{867C7A27-0781-4A5A-8F2F-8251DE4EDDD6}.Release|Any CPU.ActiveCfg = Release|Any CPU
		{867C7A27-0781-4A5A-8F2F-8251DE4EDDD6}.Release|Any CPU.Build.0 = Release|Any CPU
		{602CD065-C5FE-4DD0-A5CE-B9CAEF2F56F2}.Debug|Any CPU.ActiveCfg = Debug|Any CPU
		{602CD065-C5FE-4DD0-A5CE-B9CAEF2F56F2}.Debug|Any CPU.Build.0 = Debug|Any CPU
		{602CD065-C5FE-4DD0-A5CE-B9CAEF2F56F2}.Release|Any CPU.ActiveCfg = Release|Any CPU
		{602CD065-C5FE-4DD0-A5CE-B9CAEF2F56F2}.Release|Any CPU.Build.0 = Release|Any CPU
		{A4B85777-4012-4361-87C6-F8C2F8D38583}.Debug|Any CPU.ActiveCfg = Debug|Any CPU
		{A4B85777-4012-4361-87C6-F8C2F8D38583}.Debug|Any CPU.Build.0 = Debug|Any CPU
		{A4B85777-4012-4361-87C6-F8C2F8D38583}.Release|Any CPU.ActiveCfg = Release|Any CPU
		{A4B85777-4012-4361-87C6-F8C2F8D38583}.Release|Any CPU.Build.0 = Release|Any CPU
	EndGlobalSection
	GlobalSection(SolutionProperties) = preSolution
		HideSolutionNode = FALSE
	EndGlobalSection
	GlobalSection(ExtensibilityGlobals) = postSolution
		SolutionGuid = {27BB5D14-EA78-458F-A069-3092013E085C}
	EndGlobalSection
EndGlobal
